
Microsoft Visual Studio Solution File, Format Version 12.00
# Visual Studio Version 17
VisualStudioVersion = 17.4.33213.308
MinimumVisualStudioVersion = 10.0.40219.1
Project("{FAE04EC0-301F-11D3-BF4B-00C04F79EFBC}") = "User.Client", "User.Client\User.Client.csproj", "{7D2FC499-F184-4D33-BAAE-6B72D1C668CE}"
EndProject
Project("{FAE04EC0-301F-11D3-BF4B-00C04F79EFBC}") = "user.bussiness", "user.bussiness\user.bussiness.csproj", "{C3640A82-353C-44C8-B227-FC1D52DEA91F}"
EndProject
Project("{FAE04EC0-301F-11D3-BF4B-00C04F79EFBC}") = "User.DataModel", "User.DataModel\User.DataModel.csproj", "{9313EFDD-5195-447C-B50A-C79BD639C42A}"
EndProject
Global
	GlobalSection(SolutionConfigurationPlatforms) = preSolution
		Debug|Any CPU = Debug|Any CPU
		Release|Any CPU = Release|Any CPU
	EndGlobalSection
	GlobalSection(ProjectConfigurationPlatforms) = postSolution
		{7D2FC499-F184-4D33-BAAE-6B72D1C668CE}.Debug|Any CPU.ActiveCfg = Debug|Any CPU
		{7D2FC499-F184-4D33-BAAE-6B72D1C668CE}.Debug|Any CPU.Build.0 = Debug|Any CPU
		{7D2FC499-F184-4D33-BAAE-6B72D1C668CE}.Release|Any CPU.ActiveCfg = Release|Any CPU
		{7D2FC499-F184-4D33-BAAE-6B72D1C668CE}.Release|Any CPU.Build.0 = Release|Any CPU
		{C3640A82-353C-44C8-B227-FC1D52DEA91F}.Debug|Any CPU.ActiveCfg = Debug|Any CPU
		{C3640A82-353C-44C8-B227-FC1D52DEA91F}.Debug|Any CPU.Build.0 = Debug|Any CPU
		{C3640A82-353C-44C8-B227-FC1D52DEA91F}.Release|Any CPU.ActiveCfg = Release|Any CPU
		{C3640A82-353C-44C8-B227-FC1D52DEA91F}.Release|Any CPU.Build.0 = Release|Any CPU
		{9313EFDD-5195-447C-B50A-C79BD639C42A}.Debug|Any CPU.ActiveCfg = Debug|Any CPU
		{9313EFDD-5195-447C-B50A-C79BD639C42A}.Debug|Any CPU.Build.0 = Debug|Any CPU
		{9313EFDD-5195-447C-B50A-C79BD639C42A}.Release|Any CPU.ActiveCfg = Release|Any CPU
		{9313EFDD-5195-447C-B50A-C79BD639C42A}.Release|Any CPU.Build.0 = Release|Any CPU
	EndGlobalSection
	GlobalSection(SolutionProperties) = preSolution
		HideSolutionNode = FALSE
	EndGlobalSection
	GlobalSection(ExtensibilityGlobals) = postSolution
		SolutionGuid = {3095C4E8-D034-429B-BAAE-610EFE0D8A18}
	EndGlobalSection
EndGlobal
